{
  "lockfileVersion": 1,
  "configVersion": 1,
  "workspaces": {
    "": {
      "name": "bun-react-template",
      "dependencies": {
        "@webtensor/backend-cpu": "latest",
        "@webtensor/backend-wasm": "latest",
        "@webtensor/backend-webgpu": "latest",
        "@webtensor/core": "latest",
        "@webtensor/runtime": "latest",
        "react": "^19.2.5",
        "react-dom": "^19.2.5",
      },
      "devDependencies": {
        "@types/bun": "latest",
        "@types/react": "^19.2.14",
        "@types/react-dom": "^19.2.3",
      },
    },
  },
  "packages": {
    "@types/bun": ["@types/bun@1.3.12", "", { "dependencies": { "bun-types": "1.3.12" } }, "sha512-DBv81elK+/VSwXHDlnH3Qduw+KxkTIWi7TXkAeh24zpi5l0B2kUg9Ga3tb4nJaPcOFswflgi/yAvMVBPrxMB+A=="],

    "@types/node": ["@types/node@25.6.0", "", { "dependencies": { "undici-types": "~7.19.0" } }, "sha512-+qIYRKdNYJwY3vRCZMdJbPLJAtGjQBudzZzdzwQYkEPQd+PJGixUL5QfvCLDaULoLv+RhT3LDkwEfKaAkgSmNQ=="],

    "@types/react": ["@types/react@19.2.14", "", { "dependencies": { "csstype": "^3.2.2" } }, "sha512-ilcTH/UniCkMdtexkoCN0bI7pMcJDvmQFPvuPvmEaYA/NSfFTAgdUSLAoVjaRJm7+6PvcM+q1zYOwS4wTYMF9w=="],

    "@types/react-dom": ["@types/react-dom@19.2.3", "", { "peerDependencies": { "@types/react": "^19.2.0" } }, "sha512-jp2L/eY6fn+KgVVQAOqYItbF0VY/YApe5Mz2F0aykSO8gx31bYCZyvSeYxCHKvzHG5eZjc+zyaS5BrBWya2+kQ=="],

    "@webtensor/backend-cpu": ["@webtensor/backend-cpu@0.3.0", "", { "dependencies": { "@webtensor/ir": "0.0.0", "@webtensor/runtime": "0.0.0" } }, "sha512-EyrnBzDAvt63JfgwnQrKMjYID8mjnxl2vo3jWroIz0Wk+MrzA1nUWyj0pFfDgzfPB+Q6OUQ6o1lj1J6HGSc4Vw=="],

    "@webtensor/backend-wasm": ["@webtensor/backend-wasm@0.3.0", "", { "dependencies": { "@webtensor/ir": "0.0.0", "@webtensor/runtime": "0.0.0" } }, "sha512-DV1J8MQZvCd6dSfplkroPUrmwxUdzG+lNYmDVAYbllOo6YiLZRWjdQmZrm13CcJ5trW2aBXKwvV6PvdY+GKkew=="],

    "@webtensor/backend-webgpu": ["@webtensor/backend-webgpu@0.3.0", "", { "dependencies": { "@webtensor/ir": "0.0.0", "@webtensor/runtime": "0.0.0" } }, "sha512-eaoDdoOprMDjf6nL68w0nIu/I3a2r3LLn2LQRSFI1luYttM6S6M15g2YLYUDQyy4RCeqOLV4GiA/Qyy4HnWpHw=="],

    "@webtensor/core": ["@webtensor/core@0.3.0", "", { "dependencies": { "@webtensor/ir": "0.0.0", "@webtensor/runtime": "0.0.0" } }, "sha512-Gja/4rClae47rAxzqFDyXkiGee8+sRO13G3/4stasvdeoZsMrPOY4FEe3Vq34kir+EPPt8vmGlIDf4fxOwHs3Q=="],

    "@webtensor/ir": ["@webtensor/ir@0.0.0", "", {}, "sha512-Oy8BN8X5+7y3yacmQkmy5WFj6X8cAUIIobTJxWvwWnWY+H1tTH45d9GF+lJxGbn+gI1GID4rL/HAkJDA+peJmg=="],

    "@webtensor/runtime": ["@webtensor/runtime@0.3.0", "", { "dependencies": { "@webtensor/ir": "0.0.0" } }, "sha512-3R2Y9/zSKkg+9KmJfWHzcHCToAeDqGvsXzafeQ1NKQ8lrLWep4OfJAOWRZ74ozbivWRafXWuwwDRavp66CUABg=="],

    "bun-types": ["bun-types@1.3.12", "", { "dependencies": { "@types/node": "*" } }, "sha512-HqOLj5PoFajAQciOMRiIZGNoKxDJSr6qigAttOX40vJuSp6DN/CxWp9s3C1Xwm4oH7ybueITwiaOcWXoYVoRkA=="],

    "csstype": ["csstype@3.2.3", "", {}, "sha512-z1HGKcYy2xA8AGQfwrn0PAy+PB7X/GSj3UVJW9qKyn43xWa+gl5nXmU4qqLMRzWVLFC8KusUX8T/0kCiOYpAIQ=="],

    "react": ["react@19.2.5", "", {}, "sha512-llUJLzz1zTUBrskt2pwZgLq59AemifIftw4aB7JxOqf1HY2FDaGDxgwpAPVzHU1kdWabH7FauP4i1oEeer2WCA=="],

    "react-dom": ["react-dom@19.2.5", "", { "dependencies": { "scheduler": "^0.27.0" }, "peerDependencies": { "react": "^19.2.5" } }, "sha512-J5bAZz+DXMMwW/wV3xzKke59Af6CHY7G4uYLN1OvBcKEsWOs4pQExj86BBKamxl/Ik5bx9whOrvBlSDfWzgSag=="],

    "scheduler": ["scheduler@0.27.0", "", {}, "sha512-eNv+WrVbKu1f3vbYJT/xtiF5syA5HPIMtf9IgY/nKg0sWqzAUEvqY/xm7OcZc/qafLx/iO9FgOmeSAp4v5ti/Q=="],

    "undici-types": ["undici-types@7.19.2", "", {}, "sha512-qYVnV5OEm2AW8cJMCpdV20CDyaN3g0AjDlOGf1OW4iaDEx8MwdtChUp4zu4H0VP3nDRF/8RKWH+IPp9uW0YGZg=="],

    "@webtensor/backend-cpu/@webtensor/runtime": ["@webtensor/runtime@0.0.0", "", { "dependencies": { "@webtensor/ir": "0.0.0" } }, "sha512-7gxD0nF7vljVKy+rz8gzZxBsLbXNfsImDBDuG9o3Vp0v2E6c5uFV1CitC/b6TLFyWCb7R4l/b4WgMsqhEDEnew=="],

    "@webtensor/backend-wasm/@webtensor/runtime": ["@webtensor/runtime@0.0.0", "", { "dependencies": { "@webtensor/ir": "0.0.0" } }, "sha512-7gxD0nF7vljVKy+rz8gzZxBsLbXNfsImDBDuG9o3Vp0v2E6c5uFV1CitC/b6TLFyWCb7R4l/b4WgMsqhEDEnew=="],

    "@webtensor/backend-webgpu/@webtensor/runtime": ["@webtensor/runtime@0.0.0", "", { "dependencies": { "@webtensor/ir": "0.0.0" } }, "sha512-7gxD0nF7vljVKy+rz8gzZxBsLbXNfsImDBDuG9o3Vp0v2E6c5uFV1CitC/b6TLFyWCb7R4l/b4WgMsqhEDEnew=="],

    "@webtensor/core/@webtensor/runtime": ["@webtensor/runtime@0.0.0", "", { "dependencies": { "@webtensor/ir": "0.0.0" } }, "sha512-7gxD0nF7vljVKy+rz8gzZxBsLbXNfsImDBDuG9o3Vp0v2E6c5uFV1CitC/b6TLFyWCb7R4l/b4WgMsqhEDEnew=="],
  }
}
